// !$*UTF8*$!
{
	archiveVersion = 1;
	classes = {
	};
	objectVersion = 50;
	objects = {

/* Begin PBXBuildFile section */
		47C8558B218B163A00754711 /* AppDelegate.swift in Sources */ = {isa = PBXBuildFile; fileRef = 47C8558A218B163A00754711 /* AppDelegate.swift */; };
		47C8558D218B163A00754711 /* ViewController.swift in Sources */ = {isa = PBXBuildFile; fileRef = 47C8558C218B163A00754711 /* ViewController.swift */; };
		47C85590218B163A00754711 /* Main.storyboard in Resources */ = {isa = PBXBuildFile; fileRef = 47C8558E218B163A00754711 /* Main.storyboard */; };
		47C85592218B163B00754711 /* Assets.xcassets in Resources */ = {isa = PBXBuildFile; fileRef = 47C85591218B163B00754711 /* Assets.xcassets */; };
		47C85595218B163B00754711 /* LaunchScreen.storyboard in Resources */ = {isa = PBXBuildFile; fileRef = 47C85593218B163B00754711 /* LaunchScreen.storyboard */; };
		47C8559E218B165A00754711 /* FullscreenPopGesture.swift in Sources */ = {isa = PBXBuildFile; fileRef = 47C8559D218B165A00754711 /* FullscreenPopGesture.swift */; };
		47C855A0218B171E00754711 /* NoGestureViewController.swift in Sources */ = {isa = PBXBuildFile; fileRef = 47C8559F218B171E00754711 /* NoGestureViewController.swift */; };
		47C855A2218B174100754711 /* GestureViewController.swift in Sources */ = {isa = PBXBuildFile; fileRef = 47C855A1218B174100754711 /* GestureViewController.swift */; };
/* End PBXBuildFile section */

/* Begin PBXFileReference section */
		47C85587218B163A00754711 /* PopGesture.app */ = {isa = PBXFileReference; explicitFileType = wrapper.application; includeInIndex = 0; path = PopGesture.app; sourceTree = BUILT_PRODUCTS_DIR; };
		47C8558A218B163A00754711 /* AppDelegate.swift */ = {isa = PBXFileReference; lastKnownFileType = sourcecode.swift; path = AppDelegate.swift; sourceTree = "<group>"; };
		47C8558C218B163A00754711 /* ViewController.swift */ = {isa = PBXFileReference; lastKnownFileType = sourcecode.swift; path = ViewController.swift; sourceTree = "<group>"; };
		47C8558F218B163A00754711 /* Base */ = {isa = PBXFileReference; lastKnownFileType = file.storyboard; name = Base; path = Base.lproj/Main.storyboard; sourceTree = "<group>"; };
		47C85591218B163B00754711 /* Assets.xcassets */ = {isa = PBXFileReference; lastKnownFileType = folder.assetcatalog; path = Assets.xcassets; sourceTree = "<group>"; };
		47C85594218B163B00754711 /* Base */ = {isa = PBXFileReference; lastKnownFileType = file.storyboard; name = Base; path = Base.lproj/LaunchScreen.storyboard; sourceTree = "<group>"; };
		47C85596218B163B00754711 /* Info.plist */ = {isa = PBXFileReference; lastKnownFileType = text.plist.xml; path = Info.plist; sourceTree = "<group>"; };
		47C8559D218B165A00754711 /* FullscreenPopGesture.swift */ = {isa = PBXFileReference; fileEncoding = 4; lastKnownFileType = sourcecode.swift; path = FullscreenPopGesture.swift; sourceTree = "<group>"; };
		47C8559F218B171E00754711 /* NoGestureViewController.swift */ = {isa = PBXFileReference; lastKnownFileType = sourcecode.swift; path = NoGestureViewController.swift; sourceTree = "<group>"; };
		47C855A1218B174100754711 /* GestureViewController.swift */ = {isa = PBXFileReference; lastKnownFileType = sourcecode.swift; path = GestureViewController.swift; sourceTree = "<group>"; };
/* End PBXFileReference section */

/* Begin PBXFrameworksBuildPhase section */
		47C85584218B163A00754711 /* Frameworks */ = {
			isa = PBXFrameworksBuildPhase;
			buildActionMask = 2147483647;
			files = (
			);
			runOnlyForDeploymentPostprocessing = 0;
		};
/* End PBXFrameworksBuildPhase section */

/* Begin PBXGroup section */
		47C8557E218B163900754711 = {
			isa = PBXGroup;
			children = (
				47C85589218B163A00754711 /* PopGesture */,
				47C85588218B163A00754711 /* Products */,
			);
			sourceTree = "<group>";
		};
		47C85588218B163A00754711 /* Products */ = {
			isa = PBXGroup;
			children = (
				47C85587218B163A00754711 /* PopGesture.app */,
			);
			name = Products;
			sourceTree = "<group>";
		};
		47C85589218B163A00754711 /* PopGesture */ = {
			isa = PBXGroup;
			children = (
				47C8559C218B164400754711 /* PopGesture */,
				47C8558A218B163A00754711 /* AppDelegate.swift */,
				47C8558C218B163A00754711 /* ViewController.swift */,
				47C8559F218B171E00754711 /* NoGestureViewController.swift */,
				47C855A1218B174100754711 /* GestureViewController.swift */,
				47C8558E218B163A00754711 /* Main.storyboard */,
				47C85591218B163B00754711 /* Assets.xcassets */,
				47C85593218B163B00754711 /* LaunchScreen.storyboard */,
				47C85596218B163B00754711 /* Info.plist */,
			);
			path = PopGesture;
			sourceTree = "<group>";
		};
		47C8559C218B164400754711 /* PopGesture */ = {
			isa = PBXGroup;
			children = (
				47C8559D218B165A00754711 /* FullscreenPopGesture.swift */,
			);
			path = PopGesture;
			sourceTree = "<group>";
		};
/* End PBXGroup section */

/* Begin PBXNativeTarget section */
		47C85586218B163A00754711 /* PopGesture */ = {
			isa = PBXNativeTarget;
			buildConfigurationList = 47C85599218B163B00754711 /* Build configuration list for PBXNativeTarget "PopGesture" */;
			buildPhases = (
				47C85583218B163A00754711 /* Sources */,
				47C85584218B163A00754711 /* Frameworks */,
				47C85585218B163A00754711 /* Resources */,
			);
			buildRules = (
			);
			dependencies = (
			);
			name = PopGesture;
			productName = PopGesture;
			productReference = 47C85587218B163A00754711 /* PopGesture.app */;
			productType = "com.apple.product-type.application";
		};
/* End PBXNativeTarget section */

/* Begin PBXProject section */
		47C8557F218B163900754711 /* Project object */ = {
			isa = PBXProject;
			attributes = {
				LastSwiftUpdateCheck = 1000;
				LastUpgradeCheck = 1000;
				ORGANIZATIONNAME = Cobb;
				TargetAttributes = {
					47C85586218B163A00754711 = {
						CreatedOnToolsVersion = 10.0;
						LastSwiftMigration = 1020;
					};
				};
			};
			buildConfigurationList = 47C85582218B163900754711 /* Build configuration list for PBXProject "PopGesture" */;
			compatibilityVersion = "Xcode 9.3";
			developmentRegion = en;
			hasScannedForEncodings = 0;
			knownRegions = (
				en,
				Base,
			);
			mainGroup = 47C8557E218B163900754711;
			productRefGroup = 47C85588218B163A00754711 /* Products */;
			projectDirPath = "";
			projectRoot = "";
			targets = (
				47C85586218B163A00754711 /* PopGesture */,
			);
		};
/* End PBXProject section */

/* Begin PBXResourcesBuildPhase section */
		47C85585218B163A00754711 /* Resources */ = {
			isa = PBXResourcesBuildPhase;
			buildActionMask = 2147483647;
			files = (
				47C85595218B163B00754711 /* LaunchScreen.storyboard in Resources */,
				47C85592218B163B00754711 /* Assets.xcassets in Resources */,
				47C85590218B163A00754711 /* Main.storyboard in Resources */,
			);
			runOnlyForDeploymentPostprocessing = 0;
		};
/* End PBXResourcesBuildPhase section */

/* Begin PBXSourcesBuildPhase section */
		47C85583218B163A00754711 /* Sources */ = {
			isa = PBXSourcesBuildPhase;
			buildActionMask = 2147483647;
			files = (
				47C8559E218B165A00754711 /* FullscreenPopGesture.swift in Sources */,
				47C8558D218B163A00754711 /* ViewController.swift in Sources */,
				47C8558B218B163A00754711 /* AppDelegate.swift in Sources */,
				47C855A2218B174100754711 /* GestureViewController.swift in Sources */,
				47C855A0218B171E00754711 /* NoGestureViewController.swift in Sources */,
			);
			runOnlyForDeploymentPostprocessing = 0;
		};
/* End PBXSourcesBuildPhase section */

/* Begin PBXVariantGroup section */
		47C8558E218B163A00754711 /* Main.storyboard */ = {
			isa = PBXVariantGroup;
			children = (
				47C8558F218B163A00754711 /* Base */,
			);
			name = Main.storyboard;
			sourceTree = "<group>";
		};
		47C85593218B163B00754711 /* LaunchScreen.storyboard */ = {
			isa = PBXVariantGroup;
			children = (
				47C85594218B163B00754711 /* Base */,
			);
			name = LaunchScreen.storyboard;
			sourceTree = "<group>";
		};
/* End PBXVariantGroup section */

/* Begin XCBuildConfiguration section */
		47C85597218B163B00754711 /* Debug */ = {
			isa = XCBuildConfiguration;
			buildSettings = {
				ALWAYS_SEARCH_USER_PATHS = NO;
				CLANG_ANALYZER_NONNULL = YES;
				CLANG_ANALYZER_NUMBER_OBJECT_CONVERSION = YES_AGGRESSIVE;
				CLANG_CXX_LANGUAGE_STANDARD = "gnu++14";
				CLANG_CXX_LIBRARY = "libc++";
				CLANG_ENABLE_MODULES = YES;
				CLANG_ENABLE_OBJC_ARC = YES;
				CLANG_ENABLE_OBJC_WEAK = YES;
				CLANG_WARN_BLOCK_CAPTURE_AUTORELEASING = YES;
				CLANG_WARN_BOOL_CONVERSION = YES;
				CLANG_WARN_COMMA = YES;
				CLANG_WARN_CONSTANT_CONVERSION = YES;
				CLANG_WARN_DEPRECATED_OBJC_IMPLEMENTATIONS = YES;
				CLANG_WARN_DIRECT_OBJC_ISA_USAGE = YES_ERROR;
				CLANG_WARN_DOCUMENTATION_COMMENTS = YES;
				CLANG_WARN_EMPTY_BODY = YES;
				CLANG_WARN_ENUM_CONVERSION = YES;
				CLANG_WARN_INFINITE_RECURSION = YES;
				CLANG_WARN_INT_CONVERSION = YES;
				CLANG_WARN_NON_LITERAL_NULL_CONVERSION = YES;
				CLANG_WARN_OBJC_IMPLICIT_RETAIN_SELF = YES;
				CLANG_WARN_OBJC_LITERAL_CONVERSION = YES;
				CLANG_WARN_OBJC_ROOT_CLASS = YES_ERROR;
				CLANG_WARN_RANGE_LOOP_ANALYSIS = YES;
				CLANG_WARN_STRICT_PROTOTYPES = YES;
				CLANG_WARN_SUSPICIOUS_MOVE = YES;
				CLANG_WARN_UNGUARDED_AVAILABILITY = YES_AGGRESSIVE;
				CLANG_WARN_UNREACHABLE_CODE = YES;
				CLANG_WARN__DUPLICATE_METHOD_MATCH = YES;
				CODE_SIGN_IDENTITY = "iPhone Developer";
				COPY_PHASE_STRIP = NO;
				DEBUG_INFORMATION_FORMAT = dwarf;
				ENABLE_STRICT_OBJC_MSGSEND = YES;
				ENABLE_TESTABILITY = YES;
				GCC_C_LANGUAGE_STANDARD = gnu11;
				GCC_DYNAMIC_NO_PIC = NO;
				GCC_NO_COMMON_BLOCKS = YES;
				GCC_OPTIMIZATION_LEVEL = 0;
				GCC_PREPROCESSOR_DEFINITIONS = (
					"DEBUG=1",
					"$(inherited)",
				);
				GCC_WARN_64_TO_32_BIT_CONVERSION = YES;
				GCC_WARN_ABOUT_RETURN_TYPE = YES_ERROR;
				GCC_WARN_UNDECLARED_SELECTOR = YES;
				GCC_WARN_UNINITIALIZED_AUTOS = YES_AGGRESSIVE;
				GCC_WARN_UNUSED_FUNCTION = YES;
				GCC_WARN_UNUSED_VARIABLE = YES;
				IPHONEOS_DEPLOYMENT_TARGET = 12.2;
				MTL_ENABLE_DEBUG_INFO = INCLUDE_SOURCE;
				MTL_FAST_MATH = YES;
				ONLY_ACTIVE_ARCH = YES;
				SDKROOT = iphoneos;
				SWIFT_ACTIVE_COMPILATION_CONDITIONS = DEBUG;
				SWIFT_OPTIMIZATION_LEVEL = "-Onone";
				SWIFT_VERSION = 4.2;
			};
			name = Debug;
		};
		47C85598218B163B00754711 /* Release */ = {
			isa = XCBuildConfiguration;
			buildSettings = {
				ALWAYS_SEARCH_USER_PATHS = NO;
				CLANG_ANALYZER_NONNULL = YES;
				CLANG_ANALYZER_NUMBER_OBJECT_CONVERSION = YES_AGGRESSIVE;
				CLANG_CXX_LANGUAGE_STANDARD = "gnu++14";
				CLANG_CXX_LIBRARY = "libc++";
				CLANG_ENABLE_MODULES = YES;
				CLANG_ENABLE_OBJC_ARC = YES;
				CLANG_ENABLE_OBJC_WEAK = YES;
				CLANG_WARN_BLOCK_CAPTURE_AUTORELEASING = YES;
				CLANG_WARN_BOOL_CONVERSION = YES;
				CLANG_WARN_COMMA = YES;
				CLANG_WARN_CONSTANT_CONVERSION = YES;
				CLANG_WARN_DEPRECATED_OBJC_IMPLEMENTATIONS = YES;
				CLANG_WARN_DIRECT_OBJC_ISA_USAGE = YES_ERROR;
				CLANG_WARN_DOCUMENTATION_COMMENTS = YES;
				CLANG_WARN_EMPTY_BODY = YES;
				CLANG_WARN_ENUM_CONVERSION = YES;
				CLANG_WARN_INFINITE_RECURSION = YES;
				CLANG_WARN_INT_CONVERSION = YES;
				CLANG_WARN_NON_LITERAL_NULL_CONVERSION = YES;
				CLANG_WARN_OBJC_IMPLICIT_RETAIN_SELF = YES;
				CLANG_WARN_OBJC_LITERAL_CONVERSION = YES;
				CLANG_WARN_OBJC_ROOT_CLASS = YES_ERROR;
				CLANG_WARN_RANGE_LOOP_ANALYSIS = YES;
				CLANG_WARN_STRICT_PROTOTYPES = YES;
				CLANG_WARN_SUSPICIOUS_MOVE = YES;
				CLANG_WARN_UNGUARDED_AVAILABILITY = YES_AGGRESSIVE;
				CLANG_WARN_UNREACHABLE_CODE = YES;
				CLANG_WARN__DUPLICATE_METHOD_MATCH = YES;
				CODE_SIGN_IDENTITY = "iPhone Developer";
				COPY_PHASE_STRIP = NO;
				DEBUG_INFORMATION_FORMAT = "dwarf-with-dsym";
				ENABLE_NS_ASSERTIONS = NO;
				ENABLE_STRICT_OBJC_MSGSEND = YES;
				GCC_C_LANGUAGE_STANDARD = gnu11;
				GCC_NO_COMMON_BLOCKS = YES;
				GCC_WARN_64_TO_32_BIT_CONVERSION = YES;
				GCC_WARN_ABOUT_RETURN_TYPE = YES_ERROR;
				GCC_WARN_UNDECLARED_SELECTOR = YES;
				GCC_WARN_UNINITIALIZED_AUTOS = YES_AGGRESSIVE;
				GCC_WARN_UNUSED_FUNCTION = YES;
				GCC_WARN_UNUSED_VARIABLE = YES;
				IPHONEOS_DEPLOYMENT_TARGET = 12.2;
				MTL_ENABLE_DEBUG_INFO = NO;
				MTL_FAST_MATH = YES;
				SDKROOT = iphoneos;
				SWIFT_COMPILATION_MODE = wholemodule;
				SWIFT_OPTIMIZATION_LEVEL = "-O";
				SWIFT_VERSION = 4.2;
				VALIDATE_PRODUCT = YES;
			};
			name = Release;
		};
		47C8559A218B163B00754711 /* Debug */ = {
			isa = XCBuildConfiguration;
			buildSettings = {
				ASSETCATALOG_COMPILER_APPICON_NAME = AppIcon;
				CODE_SIGN_STYLE = Automatic;
				DEVELOPMENT_TEAM = K9873S4678;
				INFOPLIST_FILE = PopGesture/Info.plist;
				LD_RUNPATH_SEARCH_PATHS = (
					"$(inherited)",
					"@executable_path/Frameworks",
				);
				PRODUCT_BUNDLE_IDENTIFIER = com.cobb.PopGesture;
				PRODUCT_NAME = "$(TARGET_NAME)";
				SWIFT_VERSION = 4.2;
				TARGETED_DEVICE_FAMILY = "1,2";
			};
			name = Debug;
		};
		47C8559B218B163B00754711 /* Release */ = {
			isa = XCBuildConfiguration;
			buildSettings = {
				ASSETCATALOG_COMPILER_APPICON_NAME = AppIcon;
				CODE_SIGN_STYLE = Automatic;
				DEVELOPMENT_TEAM = K9873S4678;
				INFOPLIST_FILE = PopGesture/Info.plist;
				LD_RUNPATH_SEARCH_PATHS = (
					"$(inherited)",
					"@executable_path/Frameworks",
				);
				PRODUCT_BUNDLE_IDENTIFIER = com.cobb.PopGesture;
				PRODUCT_NAME = "$(TARGET_NAME)";
				SWIFT_VERSION = 4.2;
				TARGETED_DEVICE_FAMILY = "1,2";
			};
			name = Release;
		};
/* End XCBuildConfiguration section */

/* Begin XCConfigurationList section */
		47C85582218B163900754711 /* Build configuration list for PBXProject "PopGesture" */ = {
			isa = XCConfigurationList;
			buildConfigurations = (
				47C85597218B163B00754711 /* Debug */,
				47C85598218B163B00754711 /* Release */,
			);
			defaultConfigurationIsVisible = 0;
			defaultConfigurationName = Release;
		};
		47C85599218B163B00754711 /* Build configuration list for PBXNativeTarget "PopGesture" */ = {
			isa = XCConfigurationList;
			buildConfigurations = (
				47C8559A218B163B00754711 /* Debug */,
				47C8559B218B163B00754711 /* Release */,
			);
			defaultConfigurationIsVisible = 0;
			defaultConfigurationName = Release;
		};
/* End XCConfigurationList section */
	};
	rootObject = 47C8557F218B163900754711 /* Project object */;
}
